
Microsoft Visual Studio Solution File, Format Version 12.00
# Visual Studio Version 16
VisualStudioVersion = 16.0.28705.295
MinimumVisualStudioVersion = 10.0.40219.1
Project("{FAE04EC0-301F-11D3-BF4B-00C04F79EFBC}") = "WebApp", "WebApp\WebApp.csproj", "{2F0ACD8A-C805-4AF0-9EAA-6ECF3DCA08CC}"
EndProject
Global
	GlobalSection(SolutionConfigurationPlatforms) = preSolution
		Debug|Any CPU = Debug|Any CPU
		Release|Any CPU = Release|Any CPU
	EndGlobalSection
	GlobalSection(ProjectConfigurationPlatforms) = postSolution
		{2F0ACD8A-C805-4AF0-9EAA-6ECF3DCA08CC}.Debug|Any CPU.ActiveCfg = Debug|Any CPU
		{2F0ACD8A-C805-4AF0-9EAA-6ECF3DCA08CC}.Debug|Any CPU.Build.0 = Debug|Any CPU
		{2F0ACD8A-C805-4AF0-9EAA-6ECF3DCA08CC}.Release|Any CPU.ActiveCfg = Release|Any CPU
		{2F0ACD8A-C805-4AF0-9EAA-6ECF3DCA08CC}.Release|Any CPU.Build.0 = Release|Any CPU
	EndGlobalSection
	GlobalSection(SolutionProperties) = preSolution
		HideSolutionNode = FALSE
	EndGlobalSection
	GlobalSection(ExtensibilityGlobals) = postSolution
		SolutionGuid = {5E7B1D16-A44F-4233-8E55-27CBAEAFD4DB}
	EndGlobalSection
EndGlobal
